
Microsoft Visual Studio Solution File, Format Version 12.00
# Visual Studio 2012
Project("{FAE04EC0-301F-11D3-BF4B-00C04F79EFBC}") = "版本数据转移工具", "版本数据转移工具\版本数据转移工具.csproj", "{55704F03-6B5A-4562-8613-0482D9D42C42}"
EndProject
Project("{FAE04EC0-301F-11D3-BF4B-00C04F79EFBC}") = "通用转换插件", "通用转移类\通用转换插件.csproj", "{5DF7C6CB-DF69-4932-9063-021CEA92F51E}"
EndProject
Global
	GlobalSection(SolutionConfigurationPlatforms) = preSolution
		Debug|Any CPU = Debug|Any CPU
		Release|Any CPU = Release|Any CPU
	EndGlobalSection
	GlobalSection(ProjectConfigurationPlatforms) = postSolution
		{55704F03-6B5A-4562-8613-0482D9D42C42}.Debug|Any CPU.ActiveCfg = Debug|Any CPU
		{55704F03-6B5A-4562-8613-0482D9D42C42}.Debug|Any CPU.Build.0 = Debug|Any CPU
		{55704F03-6B5A-4562-8613-0482D9D42C42}.Release|Any CPU.ActiveCfg = Release|Any CPU
		{55704F03-6B5A-4562-8613-0482D9D42C42}.Release|Any CPU.Build.0 = Release|Any CPU
		{5DF7C6CB-DF69-4932-9063-021CEA92F51E}.Debug|Any CPU.ActiveCfg = Debug|Any CPU
		{5DF7C6CB-DF69-4932-9063-021CEA92F51E}.Debug|Any CPU.Build.0 = Debug|Any CPU
		{5DF7C6CB-DF69-4932-9063-021CEA92F51E}.Release|Any CPU.ActiveCfg = Release|Any CPU
		{5DF7C6CB-DF69-4932-9063-021CEA92F51E}.Release|Any CPU.Build.0 = Release|Any CPU
	EndGlobalSection
	GlobalSection(SolutionProperties) = preSolution
		HideSolutionNode = FALSE
	EndGlobalSection
EndGlobal
